{
    "_readme": [
        "This file locks the dependencies of your project to a known state",
        "Read more about it at https://getcomposer.org/doc/01-basic-usage.md#installing-dependencies",
        "This file is @generated automatically"
    ],
    "content-hash": "321595be936ebd2556e2bcf71c89e131",
    "packages": [
        {
            "name": "nette/command-line",
            "version": "v1.9.2",
            "source": {
                "type": "git",
                "url": "https://github.com/nette/command-line.git",
                "reference": "42a6ea85f8b203ca1bd793327c526009c2525cc7"
            },
            "dist": {
                "type": "zip",
                "url": "https://api.github.com/repos/nette/command-line/zipball/42a6ea85f8b203ca1bd793327c526009c2525cc7",
                "reference": "42a6ea85f8b203ca1bd793327c526009c2525cc7",
                "shasum": ""
            },
            "require": {
                "php": "8.2 - 8.5"
            },
            "require-dev": {
                "nette/phpstan-rules": "^1.0",
                "nette/tester": "^2.5",
                "phpstan/extension-installer": "^1.4@stable",
                "phpstan/phpstan": "^2.1@stable",
                "tracy/tracy": "^2.9"
            },
            "type": "library",
            "extra": {
                "branch-alias": {
                    "dev-master": "1.9-dev"
                }
            },
            "autoload": {
                "psr-4": {
                    "Nette\\": "src"
                },
                "classmap": [
                    "src/"
                ]
            },
            "notification-url": "https://packagist.org/downloads/",
            "license": [
                "BSD-3-Clause",
                "GPL-2.0-only",
                "GPL-3.0-only"
            ],
            "authors": [
                {
                    "name": "David Grudl",
                    "homepage": "https://davidgrudl.com"
                },
                {
                    "name": "Nette Community",
                    "homepage": "https://nette.org/contributors"
                }
            ],
            "description": "Nette Command Line: options and arguments parser.",
            "homepage": "https://nette.org",
            "keywords": [
                "cmd",
                "cmd-line",
                "nette"
            ],
            "support": {
                "issues": "https://github.com/nette/command-line/issues",
                "source": "https://github.com/nette/command-line/tree/v1.9.2"
            },
            "time": "2026-04-15T18:30:31+00:00"
        },
        {
            "name": "nette/neon",
            "version": "v3.4.8",
            "source": {
                "type": "git",
                "url": "https://github.com/nette/neon.git",
                "reference": "9009f99ce1396b366a88ca16c90177148352b7d3"
            },
            "dist": {
                "type": "zip",
                "url": "https://api.github.com/repos/nette/neon/zipball/9009f99ce1396b366a88ca16c90177148352b7d3",
                "reference": "9009f99ce1396b366a88ca16c90177148352b7d3",
                "shasum": ""
            },
            "require": {
                "ext-json": "*",
                "php": "8.0 - 8.5"
            },
            "require-dev": {
                "nette/tester": "^2.4",
                "phpstan/phpstan-nette": "^2.0@stable",
                "tracy/tracy": "^2.7"
            },
            "bin": [
                "bin/neon-lint"
            ],
            "type": "library",
            "extra": {
                "branch-alias": {
                    "dev-master": "3.4-dev"
                }
            },
            "autoload": {
                "psr-4": {
                    "Nette\\": "src"
                },
                "classmap": [
                    "src/"
                ]
            },
            "notification-url": "https://packagist.org/downloads/",
            "license": [
                "BSD-3-Clause",
                "GPL-2.0-only",
                "GPL-3.0-only"
            ],
            "authors": [
                {
                    "name": "David Grudl",
                    "homepage": "https://davidgrudl.com"
                },
                {
                    "name": "Nette Community",
                    "homepage": "https://nette.org/contributors"
                }
            ],
            "description": "🍸 Nette NEON: encodes and decodes NEON file format.",
            "homepage": "https://neon.nette.org",
            "keywords": [
                "export",
                "import",
                "neon",
                "nette",
                "yaml"
            ],
            "support": {
                "issues": "https://github.com/nette/neon/issues",
                "source": "https://github.com/nette/neon/tree/v3.4.8"
            },
            "time": "2026-05-11T21:34:00+00:00"
        },
        {
            "name": "nette/utils",
            "version": "v4.1.4",
            "source": {
                "type": "git",
                "url": "https://github.com/nette/utils.git",
                "reference": "7da6c396d7ebe142bc857c20479d5e70a5e1aac7"
            },
            "dist": {
                "type": "zip",
                "url": "https://api.github.com/repos/nette/utils/zipball/7da6c396d7ebe142bc857c20479d5e70a5e1aac7",
                "reference": "7da6c396d7ebe142bc857c20479d5e70a5e1aac7",
                "shasum": ""
            },
            "require": {
                "php": "8.2 - 8.5"
            },
            "conflict": {
                "nette/finder": "<3",
                "nette/schema": "<1.2.2"
            },
            "require-dev": {
                "jetbrains/phpstorm-attributes": "^1.2",
                "nette/phpstan-rules": "^1.0",
                "nette/tester": "^2.5",
                "phpstan/extension-installer": "^1.4@stable",
                "phpstan/phpstan": "^2.1@stable",
                "tracy/tracy": "^2.9"
            },
            "suggest": {
                "ext-gd": "to use Image",
                "ext-iconv": "to use Strings::webalize(), toAscii(), chr() and reverse()",
                "ext-intl": "to use Strings::webalize(), toAscii(), normalize() and compare()",
                "ext-json": "to use Nette\\Utils\\Json",
                "ext-mbstring": "to use Strings::lower() etc...",
                "ext-tokenizer": "to use Nette\\Utils\\Reflection::getUseStatements()"
            },
            "type": "library",
            "extra": {
                "branch-alias": {
                    "dev-master": "4.1-dev"
                }
            },
            "autoload": {
                "psr-4": {
                    "Nette\\": "src"
                },
                "classmap": [
                    "src/"
                ]
            },
            "notification-url": "https://packagist.org/downloads/",
            "license": [
                "BSD-3-Clause",
                "GPL-2.0-only",
                "GPL-3.0-only"
            ],
            "authors": [
                {
                    "name": "David Grudl",
                    "homepage": "https://davidgrudl.com"
                },
                {
                    "name": "Nette Community",
                    "homepage": "https://nette.org/contributors"
                }
            ],
            "description": "🛠  Nette Utils: lightweight utilities for string & array manipulation, image handling, safe JSON encoding/decoding, validation, slug or strong password generating etc.",
            "homepage": "https://nette.org",
            "keywords": [
                "array",
                "core",
                "datetime",
                "images",
                "json",
                "nette",
                "paginator",
                "password",
                "slugify",
                "string",
                "unicode",
                "utf-8",
                "utility",
                "validation"
            ],
            "support": {
                "issues": "https://github.com/nette/utils/issues",
                "source": "https://github.com/nette/utils/tree/v4.1.4"
            },
            "time": "2026-05-11T20:49:54+00:00"
        },
        {
            "name": "nexendrie/site-generator",
            "version": "dev-master",
            "source": {
                "type": "git",
                "url": "https://gitlab.com/nexendrie/site-generator.git",
                "reference": "c4d13c7c16c1486a0be06d7c6dd31f45c2059506"
            },
            "dist": {
                "type": "zip",
                "url": "https://gitlab.com/api/v4/projects/nexendrie%2Fsite-generator/repository/archive.zip?sha=c4d13c7c16c1486a0be06d7c6dd31f45c2059506",
                "reference": "c4d13c7c16c1486a0be06d7c6dd31f45c2059506",
                "shasum": ""
            },
            "require": {
                "ext-dom": "*",
                "nette/command-line": "^1.9",
                "nette/neon": "^3.4.1",
                "nette/utils": "^4.0",
                "php": ">=8.4.0",
                "psr/event-dispatcher": "^1.0",
                "symfony/options-resolver": "^6.0 || ^7.0 || ^8.0",
                "xenocrat/chyrp-markdown": "^4.0"
            },
            "require-dev": {
                "nexendrie/code-quality": "dev-mytester",
                "psr/log": "^3.0"
            },
            "default-branch": true,
            "bin": [
                "bin/generate-site"
            ],
            "type": "project",
            "extra": {
                "branch-alias": {
                    "dev-master": "1.0.x-dev"
                }
            },
            "autoload": {
                "psr-4": {
                    "Nexendrie\\SiteGenerator\\": "src/"
                }
            },
            "notification-url": "https://packagist.org/downloads/",
            "license": [
                "BSD-3-Clause"
            ],
            "authors": [
                {
                    "name": "Jakub Konečný",
                    "email": "jakub.konecny2@centrum.cz",
                    "role": "Developer"
                }
            ],
            "description": "Static site generator which turns Markdown into HTML",
            "homepage": "https://nexendrie.gitlab.io",
            "keywords": [
                "generator",
                "html",
                "markdown",
                "site",
                "static",
                "website"
            ],
            "support": {
                "docs": "https://nexendrie.gitlab.io/site-generator",
                "issues": "https://gitlab.com/nexendrie/site-generator/-/issues",
                "source": "https://gitlab.com/nexendrie/site-generator/-/tree/master"
            },
            "time": "2026-07-17T14:42:55+00:00"
        },
        {
            "name": "psr/event-dispatcher",
            "version": "1.0.0",
            "source": {
                "type": "git",
                "url": "https://github.com/php-fig/event-dispatcher.git",
                "reference": "dbefd12671e8a14ec7f180cab83036ed26714bb0"
            },
            "dist": {
                "type": "zip",
                "url": "https://api.github.com/repos/php-fig/event-dispatcher/zipball/dbefd12671e8a14ec7f180cab83036ed26714bb0",
                "reference": "dbefd12671e8a14ec7f180cab83036ed26714bb0",
                "shasum": ""
            },
            "require": {
                "php": ">=7.2.0"
            },
            "type": "library",
            "extra": {
                "branch-alias": {
                    "dev-master": "1.0.x-dev"
                }
            },
            "autoload": {
                "psr-4": {
                    "Psr\\EventDispatcher\\": "src/"
                }
            },
            "notification-url": "https://packagist.org/downloads/",
            "license": [
                "MIT"
            ],
            "authors": [
                {
                    "name": "PHP-FIG",
                    "homepage": "http://www.php-fig.org/"
                }
            ],
            "description": "Standard interfaces for event handling.",
            "keywords": [
                "events",
                "psr",
                "psr-14"
            ],
            "support": {
                "issues": "https://github.com/php-fig/event-dispatcher/issues",
                "source": "https://github.com/php-fig/event-dispatcher/tree/1.0.0"
            },
            "time": "2019-01-08T18:20:26+00:00"
        },
        {
            "name": "symfony/deprecation-contracts",
            "version": "v3.7.1",
            "source": {
                "type": "git",
                "url": "https://github.com/symfony/deprecation-contracts.git",
                "reference": "f3202fa1b5097b0af062dc978b32ecf63404e31d"
            },
            "dist": {
                "type": "zip",
                "url": "https://api.github.com/repos/symfony/deprecation-contracts/zipball/f3202fa1b5097b0af062dc978b32ecf63404e31d",
                "reference": "f3202fa1b5097b0af062dc978b32ecf63404e31d",
                "shasum": ""
            },
            "require": {
                "php": ">=8.1"
            },
            "type": "library",
            "extra": {
                "thanks": {
                    "url": "https://github.com/symfony/contracts",
                    "name": "symfony/contracts"
                },
                "branch-alias": {
                    "dev-main": "3.7-dev"
                }
            },
            "autoload": {
                "files": [
                    "function.php"
                ]
            },
            "notification-url": "https://packagist.org/downloads/",
            "license": [
                "MIT"
            ],
            "authors": [
                {
                    "name": "Nicolas Grekas",
                    "email": "p@tchwork.com"
                },
                {
                    "name": "Symfony Community",
                    "homepage": "https://symfony.com/contributors"
                }
            ],
            "description": "A generic function and convention to trigger deprecation notices",
            "homepage": "https://symfony.com",
            "support": {
                "source": "https://github.com/symfony/deprecation-contracts/tree/v3.7.1"
            },
            "funding": [
                {
                    "url": "https://symfony.com/sponsor",
                    "type": "custom"
                },
                {
                    "url": "https://github.com/fabpot",
                    "type": "github"
                },
                {
                    "url": "https://github.com/nicolas-grekas",
                    "type": "github"
                },
                {
                    "url": "https://tidelift.com/funding/github/packagist/symfony/symfony",
                    "type": "tidelift"
                }
            ],
            "time": "2026-06-05T06:23:12+00:00"
        },
        {
            "name": "symfony/options-resolver",
            "version": "v8.1.0",
            "source": {
                "type": "git",
                "url": "https://github.com/symfony/options-resolver.git",
                "reference": "88f9c561f678a02d54b897014049fa839e33ff82"
            },
            "dist": {
                "type": "zip",
                "url": "https://api.github.com/repos/symfony/options-resolver/zipball/88f9c561f678a02d54b897014049fa839e33ff82",
                "reference": "88f9c561f678a02d54b897014049fa839e33ff82",
                "shasum": ""
            },
            "require": {
                "php": ">=8.4.1",
                "symfony/deprecation-contracts": "^2.5|^3"
            },
            "type": "library",
            "autoload": {
                "psr-4": {
                    "Symfony\\Component\\OptionsResolver\\": ""
                },
                "exclude-from-classmap": [
                    "/Tests/"
                ]
            },
            "notification-url": "https://packagist.org/downloads/",
            "license": [
                "MIT"
            ],
            "authors": [
                {
                    "name": "Fabien Potencier",
                    "email": "fabien@symfony.com"
                },
                {
                    "name": "Symfony Community",
                    "homepage": "https://symfony.com/contributors"
                }
            ],
            "description": "Provides an improved replacement for the array_replace PHP function",
            "homepage": "https://symfony.com",
            "keywords": [
                "config",
                "configuration",
                "options"
            ],
            "support": {
                "source": "https://github.com/symfony/options-resolver/tree/v8.1.0"
            },
            "funding": [
                {
                    "url": "https://symfony.com/sponsor",
                    "type": "custom"
                },
                {
                    "url": "https://github.com/fabpot",
                    "type": "github"
                },
                {
                    "url": "https://github.com/nicolas-grekas",
                    "type": "github"
                },
                {
                    "url": "https://tidelift.com/funding/github/packagist/symfony/symfony",
                    "type": "tidelift"
                }
            ],
            "time": "2026-05-29T05:06:50+00:00"
        },
        {
            "name": "xenocrat/chyrp-markdown",
            "version": "v4.16.1",
            "source": {
                "type": "git",
                "url": "https://github.com/xenocrat/chyrp-markdown.git",
                "reference": "c8051ce2744ad258f46e49a1f24c70e2ae9a7ac0"
            },
            "dist": {
                "type": "zip",
                "url": "https://api.github.com/repos/xenocrat/chyrp-markdown/zipball/c8051ce2744ad258f46e49a1f24c70e2ae9a7ac0",
                "reference": "c8051ce2744ad258f46e49a1f24c70e2ae9a7ac0",
                "shasum": ""
            },
            "require": {
                "ext-ctype": "*",
                "ext-pcre": "*",
                "ext-reflection": "*",
                "ext-spl": "*",
                "lib-pcre": "*",
                "php": ">=8.0.0"
            },
            "require-dev": {
                "phpunit/phpunit": "^10.0|^11.0|^12.0"
            },
            "type": "library",
            "autoload": {
                "psr-4": {
                    "xenocrat\\markdown\\": "src/"
                }
            },
            "notification-url": "https://packagist.org/downloads/",
            "license": [
                "MIT"
            ],
            "authors": [
                {
                    "name": "Carsten Brandt",
                    "role": "Creator"
                },
                {
                    "name": "Daniel Pimley",
                    "role": "Developer"
                }
            ],
            "description": "A fast and extensible Markdown parser, written in PHP.",
            "homepage": "https://github.com/xenocrat/chyrp-markdown",
            "keywords": [
                "CFM",
                "commonmark",
                "gfm",
                "markdown",
                "parser"
            ],
            "support": {
                "issues": "https://github.com/xenocrat/chyrp-markdown/issues",
                "source": "https://github.com/xenocrat/chyrp-markdown/tree/v4.16.1"
            },
            "time": "2026-07-13T19:25:15+00:00"
        }
    ],
    "packages-dev": [],
    "aliases": [],
    "minimum-stability": "stable",
    "stability-flags": {
        "nexendrie/site-generator": 20
    },
    "prefer-stable": false,
    "prefer-lowest": false,
    "platform": {},
    "platform-dev": {},
    "plugin-api-version": "2.9.0"
}
