{
    "_readme": [
        "This file locks the dependencies of your project to a known state",
        "Read more about it at https://getcomposer.org/doc/01-basic-usage.md#installing-dependencies",
        "This file is @generated automatically"
    ],
    "content-hash": "321595be936ebd2556e2bcf71c89e131",
    "packages": [
        {
            "name": "nette/command-line",
            "version": "v1.8.2",
            "source": {
                "type": "git",
                "url": "https://github.com/nette/command-line.git",
                "reference": "85a59fc757b4f47b8ee1967f4303722fb7374620"
            },
            "dist": {
                "type": "zip",
                "url": "https://api.github.com/repos/nette/command-line/zipball/85a59fc757b4f47b8ee1967f4303722fb7374620",
                "reference": "85a59fc757b4f47b8ee1967f4303722fb7374620",
                "shasum": ""
            },
            "require": {
                "php": "8.0 - 8.4"
            },
            "require-dev": {
                "nette/tester": "^2.5",
                "phpstan/phpstan": "^1",
                "tracy/tracy": "^2.9"
            },
            "type": "library",
            "extra": {
                "branch-alias": {
                    "dev-master": "1.8-dev"
                }
            },
            "autoload": {
                "classmap": [
                    "src/"
                ]
            },
            "notification-url": "https://packagist.org/downloads/",
            "license": [
                "BSD-3-Clause",
                "GPL-2.0-only",
                "GPL-3.0-only"
            ],
            "authors": [
                {
                    "name": "David Grudl",
                    "homepage": "https://davidgrudl.com"
                },
                {
                    "name": "Nette Community",
                    "homepage": "https://nette.org/contributors"
                }
            ],
            "description": "Nette Command Line: options and arguments parser.",
            "homepage": "https://nette.org",
            "keywords": [
                "cmd",
                "cmd-line",
                "nette"
            ],
            "support": {
                "issues": "https://github.com/nette/command-line/issues",
                "source": "https://github.com/nette/command-line/tree/v1.8.2"
            },
            "time": "2024-12-15T19:40:45+00:00"
        },
        {
            "name": "nette/finder",
            "version": "v2.6.0",
            "source": {
                "type": "git",
                "url": "https://github.com/nette/finder.git",
                "reference": "991aefb42860abeab8e003970c3809a9d83cb932"
            },
            "dist": {
                "type": "zip",
                "url": "https://api.github.com/repos/nette/finder/zipball/991aefb42860abeab8e003970c3809a9d83cb932",
                "reference": "991aefb42860abeab8e003970c3809a9d83cb932",
                "shasum": ""
            },
            "require": {
                "nette/utils": "^2.4 || ^3.0",
                "php": ">=7.1"
            },
            "conflict": {
                "nette/nette": "<2.2"
            },
            "require-dev": {
                "nette/tester": "^2.0",
                "phpstan/phpstan": "^0.12",
                "tracy/tracy": "^2.3"
            },
            "type": "library",
            "extra": {
                "branch-alias": {
                    "dev-master": "2.6-dev"
                }
            },
            "autoload": {
                "classmap": [
                    "src/"
                ]
            },
            "notification-url": "https://packagist.org/downloads/",
            "license": [
                "BSD-3-Clause",
                "GPL-2.0-only",
                "GPL-3.0-only"
            ],
            "authors": [
                {
                    "name": "David Grudl",
                    "homepage": "https://davidgrudl.com"
                },
                {
                    "name": "Nette Community",
                    "homepage": "https://nette.org/contributors"
                }
            ],
            "description": "🔍 Nette Finder: find files and directories with an intuitive API.",
            "homepage": "https://nette.org",
            "keywords": [
                "filesystem",
                "glob",
                "iterator",
                "nette"
            ],
            "support": {
                "issues": "https://github.com/nette/finder/issues",
                "source": "https://github.com/nette/finder/tree/v2.6.0"
            },
            "time": "2022-10-13T01:31:15+00:00"
        },
        {
            "name": "nette/neon",
            "version": "v3.4.4",
            "source": {
                "type": "git",
                "url": "https://github.com/nette/neon.git",
                "reference": "3411aa86b104e2d5b7e760da4600865ead963c3c"
            },
            "dist": {
                "type": "zip",
                "url": "https://api.github.com/repos/nette/neon/zipball/3411aa86b104e2d5b7e760da4600865ead963c3c",
                "reference": "3411aa86b104e2d5b7e760da4600865ead963c3c",
                "shasum": ""
            },
            "require": {
                "ext-json": "*",
                "php": "8.0 - 8.4"
            },
            "require-dev": {
                "nette/tester": "^2.4",
                "phpstan/phpstan": "^1.0",
                "tracy/tracy": "^2.7"
            },
            "bin": [
                "bin/neon-lint"
            ],
            "type": "library",
            "extra": {
                "branch-alias": {
                    "dev-master": "3.4-dev"
                }
            },
            "autoload": {
                "classmap": [
                    "src/"
                ]
            },
            "notification-url": "https://packagist.org/downloads/",
            "license": [
                "BSD-3-Clause",
                "GPL-2.0-only",
                "GPL-3.0-only"
            ],
            "authors": [
                {
                    "name": "David Grudl",
                    "homepage": "https://davidgrudl.com"
                },
                {
                    "name": "Nette Community",
                    "homepage": "https://nette.org/contributors"
                }
            ],
            "description": "🍸 Nette NEON: encodes and decodes NEON file format.",
            "homepage": "https://ne-on.org",
            "keywords": [
                "export",
                "import",
                "neon",
                "nette",
                "yaml"
            ],
            "support": {
                "issues": "https://github.com/nette/neon/issues",
                "source": "https://github.com/nette/neon/tree/v3.4.4"
            },
            "time": "2024-10-04T22:00:08+00:00"
        },
        {
            "name": "nette/utils",
            "version": "v3.2.10",
            "source": {
                "type": "git",
                "url": "https://github.com/nette/utils.git",
                "reference": "a4175c62652f2300c8017fb7e640f9ccb11648d2"
            },
            "dist": {
                "type": "zip",
                "url": "https://api.github.com/repos/nette/utils/zipball/a4175c62652f2300c8017fb7e640f9ccb11648d2",
                "reference": "a4175c62652f2300c8017fb7e640f9ccb11648d2",
                "shasum": ""
            },
            "require": {
                "php": ">=7.2 <8.4"
            },
            "conflict": {
                "nette/di": "<3.0.6"
            },
            "require-dev": {
                "jetbrains/phpstorm-attributes": "dev-master",
                "nette/tester": "~2.0",
                "phpstan/phpstan": "^1.0",
                "tracy/tracy": "^2.3"
            },
            "suggest": {
                "ext-gd": "to use Image",
                "ext-iconv": "to use Strings::webalize(), toAscii(), chr() and reverse()",
                "ext-intl": "to use Strings::webalize(), toAscii(), normalize() and compare()",
                "ext-json": "to use Nette\\Utils\\Json",
                "ext-mbstring": "to use Strings::lower() etc...",
                "ext-tokenizer": "to use Nette\\Utils\\Reflection::getUseStatements()",
                "ext-xml": "to use Strings::length() etc. when mbstring is not available"
            },
            "type": "library",
            "extra": {
                "branch-alias": {
                    "dev-master": "3.2-dev"
                }
            },
            "autoload": {
                "classmap": [
                    "src/"
                ]
            },
            "notification-url": "https://packagist.org/downloads/",
            "license": [
                "BSD-3-Clause",
                "GPL-2.0-only",
                "GPL-3.0-only"
            ],
            "authors": [
                {
                    "name": "David Grudl",
                    "homepage": "https://davidgrudl.com"
                },
                {
                    "name": "Nette Community",
                    "homepage": "https://nette.org/contributors"
                }
            ],
            "description": "🛠  Nette Utils: lightweight utilities for string & array manipulation, image handling, safe JSON encoding/decoding, validation, slug or strong password generating etc.",
            "homepage": "https://nette.org",
            "keywords": [
                "array",
                "core",
                "datetime",
                "images",
                "json",
                "nette",
                "paginator",
                "password",
                "slugify",
                "string",
                "unicode",
                "utf-8",
                "utility",
                "validation"
            ],
            "support": {
                "issues": "https://github.com/nette/utils/issues",
                "source": "https://github.com/nette/utils/tree/v3.2.10"
            },
            "time": "2023-07-30T15:38:18+00:00"
        },
        {
            "name": "nexendrie/site-generator",
            "version": "dev-master",
            "source": {
                "type": "git",
                "url": "https://gitlab.com/nexendrie/site-generator.git",
                "reference": "f7d7265ea5283c574058ed10a7a01cdf3e70cdb2"
            },
            "dist": {
                "type": "zip",
                "url": "https://gitlab.com/api/v4/projects/nexendrie%2Fsite-generator/repository/archive.zip?sha=f7d7265ea5283c574058ed10a7a01cdf3e70cdb2",
                "reference": "f7d7265ea5283c574058ed10a7a01cdf3e70cdb2",
                "shasum": ""
            },
            "require": {
                "ext-dom": "*",
                "nette/command-line": "^1.7",
                "nette/finder": "^2.6",
                "nette/neon": "^3.4.1",
                "nette/utils": "^3.2.10",
                "php": ">=8.1.0",
                "symfony/options-resolver": "^6.0 || ^7.0",
                "xenocrat/chyrp-markdown": "^4.0"
            },
            "require-dev": {
                "nexendrie/code-quality": "dev-master"
            },
            "default-branch": true,
            "bin": [
                "bin/generate-site"
            ],
            "type": "library",
            "extra": {
                "branch-alias": {
                    "dev-master": "1.0.x-dev"
                }
            },
            "autoload": {
                "psr-4": {
                    "Nexendrie\\SiteGenerator\\": "src/"
                }
            },
            "notification-url": "https://packagist.org/downloads/",
            "license": [
                "BSD-3-Clause"
            ],
            "authors": [
                {
                    "name": "Jakub Konečný",
                    "email": "jakub.konecny2@centrum.cz",
                    "role": "Developer"
                }
            ],
            "description": "Static site generator which turns Markdown into HTML",
            "homepage": "https://nexendrie.gitlab.io",
            "keywords": [
                "generator",
                "html",
                "markdown",
                "site",
                "static",
                "website"
            ],
            "support": {
                "docs": "https://nexendrie.gitlab.io/site-generator",
                "issues": "https://gitlab.com/nexendrie/site-generator/-/issues",
                "source": "https://gitlab.com/nexendrie/site-generator/-/tree/master"
            },
            "time": "2025-08-29T18:32:52+00:00"
        },
        {
            "name": "symfony/deprecation-contracts",
            "version": "v3.6.0",
            "source": {
                "type": "git",
                "url": "https://github.com/symfony/deprecation-contracts.git",
                "reference": "63afe740e99a13ba87ec199bb07bbdee937a5b62"
            },
            "dist": {
                "type": "zip",
                "url": "https://api.github.com/repos/symfony/deprecation-contracts/zipball/63afe740e99a13ba87ec199bb07bbdee937a5b62",
                "reference": "63afe740e99a13ba87ec199bb07bbdee937a5b62",
                "shasum": ""
            },
            "require": {
                "php": ">=8.1"
            },
            "type": "library",
            "extra": {
                "thanks": {
                    "url": "https://github.com/symfony/contracts",
                    "name": "symfony/contracts"
                },
                "branch-alias": {
                    "dev-main": "3.6-dev"
                }
            },
            "autoload": {
                "files": [
                    "function.php"
                ]
            },
            "notification-url": "https://packagist.org/downloads/",
            "license": [
                "MIT"
            ],
            "authors": [
                {
                    "name": "Nicolas Grekas",
                    "email": "p@tchwork.com"
                },
                {
                    "name": "Symfony Community",
                    "homepage": "https://symfony.com/contributors"
                }
            ],
            "description": "A generic function and convention to trigger deprecation notices",
            "homepage": "https://symfony.com",
            "support": {
                "source": "https://github.com/symfony/deprecation-contracts/tree/v3.6.0"
            },
            "funding": [
                {
                    "url": "https://symfony.com/sponsor",
                    "type": "custom"
                },
                {
                    "url": "https://github.com/fabpot",
                    "type": "github"
                },
                {
                    "url": "https://tidelift.com/funding/github/packagist/symfony/symfony",
                    "type": "tidelift"
                }
            ],
            "time": "2024-09-25T14:21:43+00:00"
        },
        {
            "name": "symfony/options-resolver",
            "version": "v6.4.25",
            "source": {
                "type": "git",
                "url": "https://github.com/symfony/options-resolver.git",
                "reference": "d28e7e2db8a73e9511df892d36445f61314bbebe"
            },
            "dist": {
                "type": "zip",
                "url": "https://api.github.com/repos/symfony/options-resolver/zipball/d28e7e2db8a73e9511df892d36445f61314bbebe",
                "reference": "d28e7e2db8a73e9511df892d36445f61314bbebe",
                "shasum": ""
            },
            "require": {
                "php": ">=8.1",
                "symfony/deprecation-contracts": "^2.5|^3"
            },
            "type": "library",
            "autoload": {
                "psr-4": {
                    "Symfony\\Component\\OptionsResolver\\": ""
                },
                "exclude-from-classmap": [
                    "/Tests/"
                ]
            },
            "notification-url": "https://packagist.org/downloads/",
            "license": [
                "MIT"
            ],
            "authors": [
                {
                    "name": "Fabien Potencier",
                    "email": "fabien@symfony.com"
                },
                {
                    "name": "Symfony Community",
                    "homepage": "https://symfony.com/contributors"
                }
            ],
            "description": "Provides an improved replacement for the array_replace PHP function",
            "homepage": "https://symfony.com",
            "keywords": [
                "config",
                "configuration",
                "options"
            ],
            "support": {
                "source": "https://github.com/symfony/options-resolver/tree/v6.4.25"
            },
            "funding": [
                {
                    "url": "https://symfony.com/sponsor",
                    "type": "custom"
                },
                {
                    "url": "https://github.com/fabpot",
                    "type": "github"
                },
                {
                    "url": "https://github.com/nicolas-grekas",
                    "type": "github"
                },
                {
                    "url": "https://tidelift.com/funding/github/packagist/symfony/symfony",
                    "type": "tidelift"
                }
            ],
            "time": "2025-08-04T17:06:28+00:00"
        },
        {
            "name": "xenocrat/chyrp-markdown",
            "version": "v4.3",
            "source": {
                "type": "git",
                "url": "https://github.com/xenocrat/chyrp-markdown.git",
                "reference": "69d1c9b15a5c92017a1240b4664abdf9f18e4238"
            },
            "dist": {
                "type": "zip",
                "url": "https://api.github.com/repos/xenocrat/chyrp-markdown/zipball/69d1c9b15a5c92017a1240b4664abdf9f18e4238",
                "reference": "69d1c9b15a5c92017a1240b4664abdf9f18e4238",
                "shasum": ""
            },
            "require": {
                "ext-ctype": "*",
                "ext-pcre": "*",
                "ext-reflection": "*",
                "ext-spl": "*",
                "lib-pcre": "*",
                "php": ">=8.0.0"
            },
            "type": "library",
            "autoload": {
                "psr-4": {
                    "xenocrat\\markdown\\": "src/"
                }
            },
            "notification-url": "https://packagist.org/downloads/",
            "license": [
                "MIT"
            ],
            "authors": [
                {
                    "name": "Carsten Brandt",
                    "role": "Creator"
                },
                {
                    "name": "Daniel Pimley",
                    "role": "Developer"
                }
            ],
            "description": "A fast and extensible Markdown parser, written in PHP.",
            "homepage": "https://github.com/xenocrat/chyrp-markdown",
            "keywords": [
                "CFM",
                "commonmark",
                "gfm",
                "markdown",
                "parser"
            ],
            "support": {
                "issues": "https://github.com/xenocrat/chyrp-markdown/issues",
                "source": "https://github.com/xenocrat/chyrp-markdown/tree/v4.3"
            },
            "time": "2025-06-20T21:52:36+00:00"
        }
    ],
    "packages-dev": [],
    "aliases": [],
    "minimum-stability": "stable",
    "stability-flags": {
        "nexendrie/site-generator": 20
    },
    "prefer-stable": false,
    "prefer-lowest": false,
    "platform": {},
    "platform-dev": {},
    "plugin-api-version": "2.6.0"
}
